
Microsoft Visual Studio Solution File, Format Version 12.00
# Visual Studio 15
VisualStudioVersion = 15.0.27004.2010
MinimumVisualStudioVersion = 10.0.40219.1
Project("{2150E333-8FDC-42A3-9474-1A3956D46DE8}") = "Tests", "Tests", "{7A3DB4BF-31ED-43EF-A6DA-98DA6EB42A99}"
EndProject
Project("{2150E333-8FDC-42A3-9474-1A3956D46DE8}") = "PipelineTestArtifacts", "PipelineTestArtifacts", "{4A253B42-840E-4FC9-AB70-E926BDD0A229}"
EndProject
Project("{FAE04EC0-301F-11D3-BF4B-00C04F79EFBC}") = "Eml.PipelineFramework.Accounting", "Tests\PipelineTestArtifacts\Eml.PipelineFramework.Accounting\Eml.PipelineFramework.Accounting.csproj", "{CAB9C179-0F11-4016-B39C-7186A1CC4C38}"
EndProject
Project("{FAE04EC0-301F-11D3-BF4B-00C04F79EFBC}") = "Eml.PipelineFramework.Contracts", "Tests\PipelineTestArtifacts\Eml.PipelineFramework.Contracts\Eml.PipelineFramework.Contracts.csproj", "{7F9E72AF-9002-4FE6-832F-370858F7707B}"
EndProject
Project("{FAE04EC0-301F-11D3-BF4B-00C04F79EFBC}") = "Eml.PipelineFramework.Modules", "Tests\PipelineTestArtifacts\Eml.PipelineFramework.Modules\Eml.PipelineFramework.Modules.csproj", "{73A542BE-AB61-43A7-814D-279AD8426511}"
EndProject
Project("{FAE04EC0-301F-11D3-BF4B-00C04F79EFBC}") = "Eml.PipelineFramework.Tests.Integration", "Tests\Eml.PipelineFramework.Tests.Integration\Eml.PipelineFramework.Tests.Integration.csproj", "{DA635B2A-BA74-406C-8FC6-826DB608D531}"
EndProject
Project("{FAE04EC0-301F-11D3-BF4B-00C04F79EFBC}") = "Eml.PipelineFramework.Tests.Common", "Tests\PipelineTestArtifacts\Eml.PipelineFramework.Tests.Common\Eml.PipelineFramework.Tests.Common.csproj", "{C757F1BE-2657-4750-8A0C-49284C39BEBB}"
EndProject
Global
	GlobalSection(SolutionConfigurationPlatforms) = preSolution
		Debug|Any CPU = Debug|Any CPU
		Debug-Net462|Any CPU = Debug-Net462|Any CPU
		Release|Any CPU = Release|Any CPU
		Release-Net462|Any CPU = Release-Net462|Any CPU
	EndGlobalSection
	GlobalSection(ProjectConfigurationPlatforms) = postSolution
		{CAB9C179-0F11-4016-B39C-7186A1CC4C38}.Debug|Any CPU.ActiveCfg = Debug|Any CPU
		{CAB9C179-0F11-4016-B39C-7186A1CC4C38}.Debug|Any CPU.Build.0 = Debug|Any CPU
		{CAB9C179-0F11-4016-B39C-7186A1CC4C38}.Debug-Net462|Any CPU.ActiveCfg = Debug-Net462|Any CPU
		{CAB9C179-0F11-4016-B39C-7186A1CC4C38}.Debug-Net462|Any CPU.Build.0 = Debug-Net462|Any CPU
		{CAB9C179-0F11-4016-B39C-7186A1CC4C38}.Release|Any CPU.ActiveCfg = Release|Any CPU
		{CAB9C179-0F11-4016-B39C-7186A1CC4C38}.Release|Any CPU.Build.0 = Release|Any CPU
		{CAB9C179-0F11-4016-B39C-7186A1CC4C38}.Release-Net462|Any CPU.ActiveCfg = Release-Net462|Any CPU
		{CAB9C179-0F11-4016-B39C-7186A1CC4C38}.Release-Net462|Any CPU.Build.0 = Release-Net462|Any CPU
		{7F9E72AF-9002-4FE6-832F-370858F7707B}.Debug|Any CPU.ActiveCfg = Debug|Any CPU
		{7F9E72AF-9002-4FE6-832F-370858F7707B}.Debug|Any CPU.Build.0 = Debug|Any CPU
		{7F9E72AF-9002-4FE6-832F-370858F7707B}.Debug-Net462|Any CPU.ActiveCfg = Debug-Net462|Any CPU
		{7F9E72AF-9002-4FE6-832F-370858F7707B}.Debug-Net462|Any CPU.Build.0 = Debug-Net462|Any CPU
		{7F9E72AF-9002-4FE6-832F-370858F7707B}.Release|Any CPU.ActiveCfg = Release|Any CPU
		{7F9E72AF-9002-4FE6-832F-370858F7707B}.Release|Any CPU.Build.0 = Release|Any CPU
		{7F9E72AF-9002-4FE6-832F-370858F7707B}.Release-Net462|Any CPU.ActiveCfg = Release-Net462|Any CPU
		{7F9E72AF-9002-4FE6-832F-370858F7707B}.Release-Net462|Any CPU.Build.0 = Release-Net462|Any CPU
		{73A542BE-AB61-43A7-814D-279AD8426511}.Debug|Any CPU.ActiveCfg = Debug|Any CPU
		{73A542BE-AB61-43A7-814D-279AD8426511}.Debug|Any CPU.Build.0 = Debug|Any CPU
		{73A542BE-AB61-43A7-814D-279AD8426511}.Debug-Net462|Any CPU.ActiveCfg = Debug-Net462|Any CPU
		{73A542BE-AB61-43A7-814D-279AD8426511}.Debug-Net462|Any CPU.Build.0 = Debug-Net462|Any CPU
		{73A542BE-AB61-43A7-814D-279AD8426511}.Release|Any CPU.ActiveCfg = Release|Any CPU
		{73A542BE-AB61-43A7-814D-279AD8426511}.Release|Any CPU.Build.0 = Release|Any CPU
		{73A542BE-AB61-43A7-814D-279AD8426511}.Release-Net462|Any CPU.ActiveCfg = Release-Net462|Any CPU
		{73A542BE-AB61-43A7-814D-279AD8426511}.Release-Net462|Any CPU.Build.0 = Release-Net462|Any CPU
		{DA635B2A-BA74-406C-8FC6-826DB608D531}.Debug|Any CPU.ActiveCfg = Debug|Any CPU
		{DA635B2A-BA74-406C-8FC6-826DB608D531}.Debug|Any CPU.Build.0 = Debug|Any CPU
		{DA635B2A-BA74-406C-8FC6-826DB608D531}.Debug-Net462|Any CPU.ActiveCfg = Debug-Net462|Any CPU
		{DA635B2A-BA74-406C-8FC6-826DB608D531}.Debug-Net462|Any CPU.Build.0 = Debug-Net462|Any CPU
		{DA635B2A-BA74-406C-8FC6-826DB608D531}.Release|Any CPU.ActiveCfg = Release|Any CPU
		{DA635B2A-BA74-406C-8FC6-826DB608D531}.Release|Any CPU.Build.0 = Release|Any CPU
		{DA635B2A-BA74-406C-8FC6-826DB608D531}.Release-Net462|Any CPU.ActiveCfg = Release-Net462|Any CPU
		{DA635B2A-BA74-406C-8FC6-826DB608D531}.Release-Net462|Any CPU.Build.0 = Release-Net462|Any CPU
		{C757F1BE-2657-4750-8A0C-49284C39BEBB}.Debug|Any CPU.ActiveCfg = Debug|Any CPU
		{C757F1BE-2657-4750-8A0C-49284C39BEBB}.Debug|Any CPU.Build.0 = Debug|Any CPU
		{C757F1BE-2657-4750-8A0C-49284C39BEBB}.Debug-Net462|Any CPU.ActiveCfg = Debug|Any CPU
		{C757F1BE-2657-4750-8A0C-49284C39BEBB}.Debug-Net462|Any CPU.Build.0 = Debug|Any CPU
		{C757F1BE-2657-4750-8A0C-49284C39BEBB}.Release|Any CPU.ActiveCfg = Release|Any CPU
		{C757F1BE-2657-4750-8A0C-49284C39BEBB}.Release|Any CPU.Build.0 = Release|Any CPU
		{C757F1BE-2657-4750-8A0C-49284C39BEBB}.Release-Net462|Any CPU.ActiveCfg = Release|Any CPU
		{C757F1BE-2657-4750-8A0C-49284C39BEBB}.Release-Net462|Any CPU.Build.0 = Release|Any CPU
	EndGlobalSection
	GlobalSection(SolutionProperties) = preSolution
		HideSolutionNode = FALSE
	EndGlobalSection
	GlobalSection(NestedProjects) = preSolution
		{4A253B42-840E-4FC9-AB70-E926BDD0A229} = {7A3DB4BF-31ED-43EF-A6DA-98DA6EB42A99}
		{CAB9C179-0F11-4016-B39C-7186A1CC4C38} = {4A253B42-840E-4FC9-AB70-E926BDD0A229}
		{7F9E72AF-9002-4FE6-832F-370858F7707B} = {4A253B42-840E-4FC9-AB70-E926BDD0A229}
		{73A542BE-AB61-43A7-814D-279AD8426511} = {4A253B42-840E-4FC9-AB70-E926BDD0A229}
		{DA635B2A-BA74-406C-8FC6-826DB608D531} = {7A3DB4BF-31ED-43EF-A6DA-98DA6EB42A99}
		{C757F1BE-2657-4750-8A0C-49284C39BEBB} = {4A253B42-840E-4FC9-AB70-E926BDD0A229}
	EndGlobalSection
	GlobalSection(ExtensibilityGlobals) = postSolution
		SolutionGuid = {83E0023A-7857-4AB6-AB77-5FC846C1BEB7}
	EndGlobalSection
EndGlobal
